// !$*UTF8*$!
{
	archiveVersion = 1;
	classes = {
	};
	objectVersion = 50;
	objects = {

/* Begin PBXBuildFile section */
		F23D721F2686E6DB00CB80C6 /* ContentView.swift in Sources */ = {isa = PBXBuildFile; fileRef = F23D721E2686E6DB00CB80C6 /* ContentView.swift */; };
		F23D72212686E6DD00CB80C6 /* Assets.xcassets in Resources */ = {isa = PBXBuildFile; fileRef = F23D72202686E6DD00CB80C6 /* Assets.xcassets */; };
		F23D72242686E6DD00CB80C6 /* Preview Assets.xcassets in Resources */ = {isa = PBXBuildFile; fileRef = F23D72232686E6DD00CB80C6 /* Preview Assets.xcassets */; };
		F23D722C2686E71A00CB80C6 /* ViewRouter.swift in Sources */ = {isa = PBXBuildFile; fileRef = F23D722B2686E71A00CB80C6 /* ViewRouter.swift */; };
		F23D722E2686E74C00CB80C6 /* Pet.swift in Sources */ = {isa = PBXBuildFile; fileRef = F23D722D2686E74C00CB80C6 /* Pet.swift */; };
		F23D72302686E7F700CB80C6 /* PetView.swift in Sources */ = {isa = PBXBuildFile; fileRef = F23D722F2686E7F700CB80C6 /* PetView.swift */; };
		F23D72322686E84600CB80C6 /* SwiftUIView.swift in Sources */ = {isa = PBXBuildFile; fileRef = F23D72312686E84600CB80C6 /* SwiftUIView.swift */; };
		F23D723826878BE800CB80C6 /* AppDelegate.swift in Sources */ = {isa = PBXBuildFile; fileRef = F23D723726878BE800CB80C6 /* AppDelegate.swift */; };
		F23D723B2687916700CB80C6 /* MainView.swift in Sources */ = {isa = PBXBuildFile; fileRef = F23D723A2687916700CB80C6 /* MainView.swift */; };
/* End PBXBuildFile section */

/* Begin PBXFileReference section */
		F23D72192686E6DB00CB80C6 /* TestListApp.app */ = {isa = PBXFileReference; explicitFileType = wrapper.application; includeInIndex = 0; path = TestListApp.app; sourceTree = BUILT_PRODUCTS_DIR; };
		F23D721E2686E6DB00CB80C6 /* ContentView.swift */ = {isa = PBXFileReference; lastKnownFileType = sourcecode.swift; path = ContentView.swift; sourceTree = "<group>"; };
		F23D72202686E6DD00CB80C6 /* Assets.xcassets */ = {isa = PBXFileReference; lastKnownFileType = folder.assetcatalog; path = Assets.xcassets; sourceTree = "<group>"; };
		F23D72232686E6DD00CB80C6 /* Preview Assets.xcassets */ = {isa = PBXFileReference; lastKnownFileType = folder.assetcatalog; path = "Preview Assets.xcassets"; sourceTree = "<group>"; };
		F23D72252686E6DD00CB80C6 /* Info.plist */ = {isa = PBXFileReference; lastKnownFileType = text.plist.xml; path = Info.plist; sourceTree = "<group>"; };
		F23D722B2686E71A00CB80C6 /* ViewRouter.swift */ = {isa = PBXFileReference; lastKnownFileType = sourcecode.swift; path = ViewRouter.swift; sourceTree = "<group>"; };
		F23D722D2686E74C00CB80C6 /* Pet.swift */ = {isa = PBXFileReference; lastKnownFileType = sourcecode.swift; path = Pet.swift; sourceTree = "<group>"; };
		F23D722F2686E7F700CB80C6 /* PetView.swift */ = {isa = PBXFileReference; lastKnownFileType = sourcecode.swift; path = PetView.swift; sourceTree = "<group>"; };
		F23D72312686E84600CB80C6 /* SwiftUIView.swift */ = {isa = PBXFileReference; lastKnownFileType = sourcecode.swift; path = SwiftUIView.swift; sourceTree = "<group>"; };
		F23D723726878BE800CB80C6 /* AppDelegate.swift */ = {isa = PBXFileReference; lastKnownFileType = sourcecode.swift; path = AppDelegate.swift; sourceTree = "<group>"; };
		F23D723926878E3000CB80C6 /* TestListApp.entitlements */ = {isa = PBXFileReference; lastKnownFileType = text.plist.entitlements; path = TestListApp.entitlements; sourceTree = "<group>"; };
		F23D723A2687916700CB80C6 /* MainView.swift */ = {isa = PBXFileReference; lastKnownFileType = sourcecode.swift; path = MainView.swift; sourceTree = "<group>"; };
/* End PBXFileReference section */

/* Begin PBXFrameworksBuildPhase section */
		F23D72162686E6DB00CB80C6 /* Frameworks */ = {
			isa = PBXFrameworksBuildPhase;
			buildActionMask = 2147483647;
			files = (
			);
			runOnlyForDeploymentPostprocessing = 0;
		};
/* End PBXFrameworksBuildPhase section */

/* Begin PBXGroup section */
		F23D72102686E6DB00CB80C6 = {
			isa = PBXGroup;
			children = (
				F23D721B2686E6DB00CB80C6 /* TestListApp */,
				F23D721A2686E6DB00CB80C6 /* Products */,
			);
			sourceTree = "<group>";
		};
		F23D721A2686E6DB00CB80C6 /* Products */ = {
			isa = PBXGroup;
			children = (
				F23D72192686E6DB00CB80C6 /* TestListApp.app */,
			);
			name = Products;
			sourceTree = "<group>";
		};
		F23D721B2686E6DB00CB80C6 /* TestListApp */ = {
			isa = PBXGroup;
			children = (
				F23D723926878E3000CB80C6 /* TestListApp.entitlements */,
				F23D723A2687916700CB80C6 /* MainView.swift */,
				F23D721E2686E6DB00CB80C6 /* ContentView.swift */,
				F23D722B2686E71A00CB80C6 /* ViewRouter.swift */,
				F23D722F2686E7F700CB80C6 /* PetView.swift */,
				F23D72312686E84600CB80C6 /* SwiftUIView.swift */,
				F23D722D2686E74C00CB80C6 /* Pet.swift */,
				F23D723726878BE800CB80C6 /* AppDelegate.swift */,
				F23D72202686E6DD00CB80C6 /* Assets.xcassets */,
				F23D72252686E6DD00CB80C6 /* Info.plist */,
				F23D72222686E6DD00CB80C6 /* Preview Content */,
			);
			path = TestListApp;
			sourceTree = "<group>";
		};
		F23D72222686E6DD00CB80C6 /* Preview Content */ = {
			isa = PBXGroup;
			children = (
				F23D72232686E6DD00CB80C6 /* Preview Assets.xcassets */,
			);
			path = "Preview Content";
			sourceTree = "<group>";
		};
/* End PBXGroup section */

/* Begin PBXNativeTarget section */
		F23D72182686E6DB00CB80C6 /* TestListApp */ = {
			isa = PBXNativeTarget;
			buildConfigurationList = F23D72282686E6DD00CB80C6 /* Build configuration list for PBXNativeTarget "TestListApp" */;
			buildPhases = (
				F23D72152686E6DB00CB80C6 /* Sources */,
				F23D72162686E6DB00CB80C6 /* Frameworks */,
				F23D72172686E6DB00CB80C6 /* Resources */,
			);
			buildRules = (
			);
			dependencies = (
			);
			name = TestListApp;
			productName = TestListApp;
			productReference = F23D72192686E6DB00CB80C6 /* TestListApp.app */;
			productType = "com.apple.product-type.application";
		};
/* End PBXNativeTarget section */

/* Begin PBXProject section */
		F23D72112686E6DB00CB80C6 /* Project object */ = {
			isa = PBXProject;
			attributes = {
				LastSwiftUpdateCheck = 1250;
				LastUpgradeCheck = 1250;
				TargetAttributes = {
					F23D72182686E6DB00CB80C6 = {
						CreatedOnToolsVersion = 12.5;
					};
				};
			};
			buildConfigurationList = F23D72142686E6DB00CB80C6 /* Build configuration list for PBXProject "TestListApp" */;
			compatibilityVersion = "Xcode 9.3";
			developmentRegion = en;
			hasScannedForEncodings = 0;
			knownRegions = (
				en,
				Base,
			);
			mainGroup = F23D72102686E6DB00CB80C6;
			productRefGroup = F23D721A2686E6DB00CB80C6 /* Products */;
			projectDirPath = "";
			projectRoot = "";
			targets = (
				F23D72182686E6DB00CB80C6 /* TestListApp */,
			);
		};
/* End PBXProject section */

/* Begin PBXResourcesBuildPhase section */
		F23D72172686E6DB00CB80C6 /* Resources */ = {
			isa = PBXResourcesBuildPhase;
			buildActionMask = 2147483647;
			files = (
				F23D72242686E6DD00CB80C6 /* Preview Assets.xcassets in Resources */,
				F23D72212686E6DD00CB80C6 /* Assets.xcassets in Resources */,
			);
			runOnlyForDeploymentPostprocessing = 0;
		};
/* End PBXResourcesBuildPhase section */

/* Begin PBXSourcesBuildPhase section */
		F23D72152686E6DB00CB80C6 /* Sources */ = {
			isa = PBXSourcesBuildPhase;
			buildActionMask = 2147483647;
			files = (
				F23D722C2686E71A00CB80C6 /* ViewRouter.swift in Sources */,
				F23D723B2687916700CB80C6 /* MainView.swift in Sources */,
				F23D722E2686E74C00CB80C6 /* Pet.swift in Sources */,
				F23D72322686E84600CB80C6 /* SwiftUIView.swift in Sources */,
				F23D721F2686E6DB00CB80C6 /* ContentView.swift in Sources */,
				F23D723826878BE800CB80C6 /* AppDelegate.swift in Sources */,
				F23D72302686E7F700CB80C6 /* PetView.swift in Sources */,
			);
			runOnlyForDeploymentPostprocessing = 0;
		};
/* End PBXSourcesBuildPhase section */

/* Begin XCBuildConfiguration section */
		F23D72262686E6DD00CB80C6 /* Debug */ = {
			isa = XCBuildConfiguration;
			buildSettings = {
				ALWAYS_SEARCH_USER_PATHS = NO;
				CLANG_ANALYZER_NONNULL = YES;
				CLANG_ANALYZER_NUMBER_OBJECT_CONVERSION = YES_AGGRESSIVE;
				CLANG_CXX_LANGUAGE_STANDARD = "gnu++14";
				CLANG_CXX_LIBRARY = "libc++";
				CLANG_ENABLE_MODULES = YES;
				CLANG_ENABLE_OBJC_ARC = YES;
				CLANG_ENABLE_OBJC_WEAK = YES;
				CLANG_WARN_BLOCK_CAPTURE_AUTORELEASING = YES;
				CLANG_WARN_BOOL_CONVERSION = YES;
				CLANG_WARN_COMMA = YES;
				CLANG_WARN_CONSTANT_CONVERSION = YES;
				CLANG_WARN_DEPRECATED_OBJC_IMPLEMENTATIONS = YES;
				CLANG_WARN_DIRECT_OBJC_ISA_USAGE = YES_ERROR;
				CLANG_WARN_DOCUMENTATION_COMMENTS = YES;
				CLANG_WARN_EMPTY_BODY = YES;
				CLANG_WARN_ENUM_CONVERSION = YES;
				CLANG_WARN_INFINITE_RECURSION = YES;
				CLANG_WARN_INT_CONVERSION = YES;
				CLANG_WARN_NON_LITERAL_NULL_CONVERSION = YES;
				CLANG_WARN_OBJC_IMPLICIT_RETAIN_SELF = YES;
				CLANG_WARN_OBJC_LITERAL_CONVERSION = YES;
				CLANG_WARN_OBJC_ROOT_CLASS = YES_ERROR;
				CLANG_WARN_QUOTED_INCLUDE_IN_FRAMEWORK_HEADER = YES;
				CLANG_WARN_RANGE_LOOP_ANALYSIS = YES;
				CLANG_WARN_STRICT_PROTOTYPES = YES;
				CLANG_WARN_SUSPICIOUS_MOVE = YES;
				CLANG_WARN_UNGUARDED_AVAILABILITY = YES_AGGRESSIVE;
				CLANG_WARN_UNREACHABLE_CODE = YES;
				CLANG_WARN__DUPLICATE_METHOD_MATCH = YES;
				COPY_PHASE_STRIP = NO;
				DEBUG_INFORMATION_FORMAT = dwarf;
				ENABLE_STRICT_OBJC_MSGSEND = YES;
				ENABLE_TESTABILITY = YES;
				GCC_C_LANGUAGE_STANDARD = gnu11;
				GCC_DYNAMIC_NO_PIC = NO;
				GCC_NO_COMMON_BLOCKS = YES;
				GCC_OPTIMIZATION_LEVEL = 0;
				GCC_PREPROCESSOR_DEFINITIONS = (
					"DEBUG=1",
					"$(inherited)",
				);
				GCC_WARN_64_TO_32_BIT_CONVERSION = YES;
				GCC_WARN_ABOUT_RETURN_TYPE = YES_ERROR;
				GCC_WARN_UNDECLARED_SELECTOR = YES;
				GCC_WARN_UNINITIALIZED_AUTOS = YES_AGGRESSIVE;
				GCC_WARN_UNUSED_FUNCTION = YES;
				GCC_WARN_UNUSED_VARIABLE = YES;
				IPHONEOS_DEPLOYMENT_TARGET = 14.5;
				MTL_ENABLE_DEBUG_INFO = INCLUDE_SOURCE;
				MTL_FAST_MATH = YES;
				ONLY_ACTIVE_ARCH = YES;
				SDKROOT = iphoneos;
				SWIFT_ACTIVE_COMPILATION_CONDITIONS = DEBUG;
				SWIFT_OPTIMIZATION_LEVEL = "-Onone";
			};
			name = Debug;
		};
		F23D72272686E6DD00CB80C6 /* Release */ = {
			isa = XCBuildConfiguration;
			buildSettings = {
				ALWAYS_SEARCH_USER_PATHS = NO;
				CLANG_ANALYZER_NONNULL = YES;
				CLANG_ANALYZER_NUMBER_OBJECT_CONVERSION = YES_AGGRESSIVE;
				CLANG_CXX_LANGUAGE_STANDARD = "gnu++14";
				CLANG_CXX_LIBRARY = "libc++";
				CLANG_ENABLE_MODULES = YES;
				CLANG_ENABLE_OBJC_ARC = YES;
				CLANG_ENABLE_OBJC_WEAK = YES;
				CLANG_WARN_BLOCK_CAPTURE_AUTORELEASING = YES;
				CLANG_WARN_BOOL_CONVERSION = YES;
				CLANG_WARN_COMMA = YES;
				CLANG_WARN_CONSTANT_CONVERSION = YES;
				CLANG_WARN_DEPRECATED_OBJC_IMPLEMENTATIONS = YES;
				CLANG_WARN_DIRECT_OBJC_ISA_USAGE = YES_ERROR;
				CLANG_WARN_DOCUMENTATION_COMMENTS = YES;
				CLANG_WARN_EMPTY_BODY = YES;
				CLANG_WARN_ENUM_CONVERSION = YES;
				CLANG_WARN_INFINITE_RECURSION = YES;
				CLANG_WARN_INT_CONVERSION = YES;
				CLANG_WARN_NON_LITERAL_NULL_CONVERSION = YES;
				CLANG_WARN_OBJC_IMPLICIT_RETAIN_SELF = YES;
				CLANG_WARN_OBJC_LITERAL_CONVERSION = YES;
				CLANG_WARN_OBJC_ROOT_CLASS = YES_ERROR;
				CLANG_WARN_QUOTED_INCLUDE_IN_FRAMEWORK_HEADER = YES;
				CLANG_WARN_RANGE_LOOP_ANALYSIS = YES;
				CLANG_WARN_STRICT_PROTOTYPES = YES;
				CLANG_WARN_SUSPICIOUS_MOVE = YES;
				CLANG_WARN_UNGUARDED_AVAILABILITY = YES_AGGRESSIVE;
				CLANG_WARN_UNREACHABLE_CODE = YES;
				CLANG_WARN__DUPLICATE_METHOD_MATCH = YES;
				COPY_PHASE_STRIP = NO;
				DEBUG_INFORMATION_FORMAT = "dwarf-with-dsym";
				ENABLE_NS_ASSERTIONS = NO;
				ENABLE_STRICT_OBJC_MSGSEND = YES;
				GCC_C_LANGUAGE_STANDARD = gnu11;
				GCC_NO_COMMON_BLOCKS = YES;
				GCC_WARN_64_TO_32_BIT_CONVERSION = YES;
				GCC_WARN_ABOUT_RETURN_TYPE = YES_ERROR;
				GCC_WARN_UNDECLARED_SELECTOR = YES;
				GCC_WARN_UNINITIALIZED_AUTOS = YES_AGGRESSIVE;
				GCC_WARN_UNUSED_FUNCTION = YES;
				GCC_WARN_UNUSED_VARIABLE = YES;
				IPHONEOS_DEPLOYMENT_TARGET = 14.5;
				MTL_ENABLE_DEBUG_INFO = NO;
				MTL_FAST_MATH = YES;
				SDKROOT = iphoneos;
				SWIFT_COMPILATION_MODE = wholemodule;
				SWIFT_OPTIMIZATION_LEVEL = "-O";
				VALIDATE_PRODUCT = YES;
			};
			name = Release;
		};
		F23D72292686E6DD00CB80C6 /* Debug */ = {
			isa = XCBuildConfiguration;
			buildSettings = {
				ASSETCATALOG_COMPILER_APPICON_NAME = AppIcon;
				ASSETCATALOG_COMPILER_GLOBAL_ACCENT_COLOR_NAME = AccentColor;
				CODE_SIGN_ENTITLEMENTS = TestListApp/TestListApp.entitlements;
				CODE_SIGN_STYLE = Automatic;
				DEVELOPMENT_ASSET_PATHS = "\"TestListApp/Preview Content\"";
				ENABLE_PREVIEWS = YES;
				INFOPLIST_FILE = TestListApp/Info.plist;
				IPHONEOS_DEPLOYMENT_TARGET = 14.0;
				LD_RUNPATH_SEARCH_PATHS = (
					"$(inherited)",
					"@executable_path/Frameworks",
				);
				PRODUCT_BUNDLE_IDENTIFIER = chenige.TestListApp;
				PRODUCT_NAME = "$(TARGET_NAME)";
				SWIFT_VERSION = 5.0;
				TARGETED_DEVICE_FAMILY = "1,2";
			};
			name = Debug;
		};
		F23D722A2686E6DD00CB80C6 /* Release */ = {
			isa = XCBuildConfiguration;
			buildSettings = {
				ASSETCATALOG_COMPILER_APPICON_NAME = AppIcon;
				ASSETCATALOG_COMPILER_GLOBAL_ACCENT_COLOR_NAME = AccentColor;
				CODE_SIGN_ENTITLEMENTS = TestListApp/TestListApp.entitlements;
				CODE_SIGN_STYLE = Automatic;
				DEVELOPMENT_ASSET_PATHS = "\"TestListApp/Preview Content\"";
				ENABLE_PREVIEWS = YES;
				INFOPLIST_FILE = TestListApp/Info.plist;
				IPHONEOS_DEPLOYMENT_TARGET = 14.0;
				LD_RUNPATH_SEARCH_PATHS = (
					"$(inherited)",
					"@executable_path/Frameworks",
				);
				PRODUCT_BUNDLE_IDENTIFIER = chenige.TestListApp;
				PRODUCT_NAME = "$(TARGET_NAME)";
				SWIFT_VERSION = 5.0;
				TARGETED_DEVICE_FAMILY = "1,2";
			};
			name = Release;
		};
/* End XCBuildConfiguration section */

/* Begin XCConfigurationList section */
		F23D72142686E6DB00CB80C6 /* Build configuration list for PBXProject "TestListApp" */ = {
			isa = XCConfigurationList;
			buildConfigurations = (
				F23D72262686E6DD00CB80C6 /* Debug */,
				F23D72272686E6DD00CB80C6 /* Release */,
			);
			defaultConfigurationIsVisible = 0;
			defaultConfigurationName = Release;
		};
		F23D72282686E6DD00CB80C6 /* Build configuration list for PBXNativeTarget "TestListApp" */ = {
			isa = XCConfigurationList;
			buildConfigurations = (
				F23D72292686E6DD00CB80C6 /* Debug */,
				F23D722A2686E6DD00CB80C6 /* Release */,
			);
			defaultConfigurationIsVisible = 0;
			defaultConfigurationName = Release;
		};
/* End XCConfigurationList section */
	};
	rootObject = F23D72112686E6DB00CB80C6 /* Project object */;
}
